
Microsoft Visual Studio Solution File, Format Version 12.00
# Visual Studio Version 16
VisualStudioVersion = 16.0.28922.388
MinimumVisualStudioVersion = 10.0.40219.1
Project("{FAE04EC0-301F-11D3-BF4B-00C04F79EFBC}") = "ProjectVulko", "ProjectVulko\ProjectVulko.csproj", "{9B3F453C-20A0-4C0A-9F6E-6AB6063569D9}"
EndProject
Global
	GlobalSection(SolutionConfigurationPlatforms) = preSolution
		Debug|Any CPU = Debug|Any CPU
		Release|Any CPU = Release|Any CPU
	EndGlobalSection
	GlobalSection(ProjectConfigurationPlatforms) = postSolution
		{9B3F453C-20A0-4C0A-9F6E-6AB6063569D9}.Debug|Any CPU.ActiveCfg = Debug|Any CPU
		{9B3F453C-20A0-4C0A-9F6E-6AB6063569D9}.Debug|Any CPU.Build.0 = Debug|Any CPU
		{9B3F453C-20A0-4C0A-9F6E-6AB6063569D9}.Release|Any CPU.ActiveCfg = Release|Any CPU
		{9B3F453C-20A0-4C0A-9F6E-6AB6063569D9}.Release|Any CPU.Build.0 = Release|Any CPU
	EndGlobalSection
	GlobalSection(SolutionProperties) = preSolution
		HideSolutionNode = FALSE
	EndGlobalSection
	GlobalSection(ExtensibilityGlobals) = postSolution
		SolutionGuid = {A6C0172F-B4C1-4C67-B068-5ADA7743A39A}
	EndGlobalSection
EndGlobal
